
Microsoft Visual Studio Solution File, Format Version 12.00
# Visual Studio Version 17
VisualStudioVersion = 17.5.33530.505
MinimumVisualStudioVersion = 10.0.40219.1
Project("{FAE04EC0-301F-11D3-BF4B-00C04F79EFBC}") = "Wpf_Project", "Wpf_Project\Wpf_Project.csproj", "{36702E47-F1AF-4632-B368-603F02B366CD}"
EndProject
Global
	GlobalSection(SolutionConfigurationPlatforms) = preSolution
		Debug|Any CPU = Debug|Any CPU
		Release|Any CPU = Release|Any CPU
	EndGlobalSection
	GlobalSection(ProjectConfigurationPlatforms) = postSolution
		{36702E47-F1AF-4632-B368-603F02B366CD}.Debug|Any CPU.ActiveCfg = Debug|Any CPU
		{36702E47-F1AF-4632-B368-603F02B366CD}.Debug|Any CPU.Build.0 = Debug|Any CPU
		{36702E47-F1AF-4632-B368-603F02B366CD}.Release|Any CPU.ActiveCfg = Release|Any CPU
		{36702E47-F1AF-4632-B368-603F02B366CD}.Release|Any CPU.Build.0 = Release|Any CPU
	EndGlobalSection
	GlobalSection(SolutionProperties) = preSolution
		HideSolutionNode = FALSE
	EndGlobalSection
	GlobalSection(ExtensibilityGlobals) = postSolution
		SolutionGuid = {754AC7A1-2600-46BE-ACE5-4CAD3BCAB0C8}
	EndGlobalSection
EndGlobal
